# Hash-locked build tools for Python 3.8 / Linux x86_64.
# These exact wheels were verified against official PyPI metadata on 2026-09-08.

pip @ https://files.pythonhosted.org/packages/ef/7d/500c9ad20238fcfcb4cb9243eede163594d7020ce87bd9610c9e02771876/pip-24.3.1-py3-none-any.whl \
    --hash=sha256:3790624780082365f47549d032f3770eeb2b1e8bd1f7b2e02dace1afa361b4ed
setuptools @ https://files.pythonhosted.org/packages/cd/b1/961ba076c7d3732e3a97e6681c55ef647afb795fe8bfcd27becec8a762ce/setuptools-75.3.4-py3-none-any.whl \
    --hash=sha256:2dd50a7f42dddfa1d02a36f275dbe716f38ed250224f609d35fb60a09593d93e
wheel @ https://files.pythonhosted.org/packages/0b/2c/87f3254fd8ffd29e4c02732eee68a83a1d3c346ae39bc6822dcbcb697f2b/wheel-0.45.1-py3-none-any.whl \
    --hash=sha256:708e7481cc80179af0e556bbf0cc00b8444c7321e2700b8d8580231d13017248
patch-ng @ https://files.pythonhosted.org/packages/2c/ef/c60c07b2f9d973672608815e4c176943146c353d3b60fdab914a6dcd44e8/patch_ng-1.19.1-py3-none-any.whl \
    --hash=sha256:d45fd47b3f74b48c3e336690341876bb26244a077a06f5f7e6e47c19c15c1ca4
Cython @ https://files.pythonhosted.org/packages/42/31/064b3a2d939a2dd9f58cd8f640a85f6c10b44a21687405cd7cff2b506dda/Cython-3.0.12-cp38-cp38-manylinux_2_17_x86_64.manylinux2014_x86_64.whl \
    --hash=sha256:b588c0a089a9f4dd316d2f9275230bad4a7271e5af04e1dc41d2707c816be44b
